<?xml version="1.0" encoding="utf-8"?>
<Project ToolsVersion="4.0" xmlns="http://schemas.microsoft.com/developer/msbuild/2003">
  <ItemGroup>
    <Filter Include="Source Files">
      <UniqueIdentifier>{4FC737F1-C7A5-4376-A066-2A32D752A2FF}</UniqueIdentifier>
      <Extensions>cpp;c;cc;cxx;def;odl;idl;hpj;bat;asm;asmx</Extensions>
    </Filter>
    <Filter Include="Header Files">
      <UniqueIdentifier>{93995380-89BD-4b04-88EB-625FBE52EBFB}</UniqueIdentifier>
      <Extensions>h;hh;hpp;hxx;hm;inl;inc;xsd</Extensions>
    </Filter>
    <Filter Include="Resource Files">
      <UniqueIdentifier>{67DA6AB6-F800-4c08-8B7A-83BB121AAD01}</UniqueIdentifier>
      <Extensions>rc;ico;cur;bmp;dlg;rc2;rct;bin;rgs;gif;jpg;jpeg;jpe;resx;tiff;tif;png;wav;mfcribbon-ms</Extensions>
    </Filter>
    <Filter Include="Header Files\PrimeSets">
      <UniqueIdentifier>{f4765def-4d0a-489e-8fb1-a833a8fea795}</UniqueIdentifier>
    </Filter>
    <Filter Include="Header Files\Internals">
      <UniqueIdentifier>{9b681edf-552a-4723-89a1-02d2c2659cc4}</UniqueIdentifier>
    </Filter>
    <Filter Include="Source Files\Internals">
      <UniqueIdentifier>{ab9f8c28-f9c4-489f-903a-f96976fdfb07}</UniqueIdentifier>
    </Filter>
    <Filter Include="Source Files\BaseTransforms">
      <UniqueIdentifier>{e1218f2c-5b14-4181-a953-21a336fa1e1c}</UniqueIdentifier>
    </Filter>
  </ItemGroup>
  <ItemGroup>
    <ClInclude Include="..\source\PrimeSets\Primes3.h">
      <Filter>Header Files\PrimeSets</Filter>
    </ClInclude>
    <ClInclude Include="..\source\PrimeSets\Primes5.h">
      <Filter>Header Files\PrimeSets</Filter>
    </ClInclude>
    <ClInclude Include="..\source\PrimeSets\Primes7.h">
      <Filter>Header Files\PrimeSets</Filter>
    </ClInclude>
    <ClInclude Include="..\source\PrimeSets\Primes9.h">
      <Filter>Header Files\PrimeSets</Filter>
    </ClInclude>
    <ClInclude Include="..\source\PrimeSets\PrimeSet.h">
      <Filter>Header Files\PrimeSets</Filter>
    </ClInclude>
    <ClInclude Include="..\source\TestFramework.h">
      <Filter>Header Files</Filter>
    </ClInclude>
    <ClInclude Include="..\source\Internals\ArchIntrinsics.h">
      <Filter>Header Files\Internals</Filter>
    </ClInclude>
    <ClInclude Include="..\source\Internals\ModularIntrinsics.h">
      <Filter>Header Files\Internals</Filter>
    </ClInclude>
    <ClInclude Include="..\source\Internals\Modulus.h">
      <Filter>Header Files\Internals</Filter>
    </ClInclude>
    <ClInclude Include="..\source\Internals\ModulusSet.h">
      <Filter>Header Files\Internals</Filter>
    </ClInclude>
    <ClInclude Include="..\source\Internals\Transforms.h">
      <Filter>Header Files\Internals</Filter>
    </ClInclude>
    <ClInclude Include="..\source\CoreTransformParameters.h">
      <Filter>Header Files</Filter>
    </ClInclude>
    <ClInclude Include="..\source\BasicTransformParameters.h">
      <Filter>Header Files</Filter>
    </ClInclude>
    <ClInclude Include="..\source\TwiddleTable.h">
      <Filter>Header Files</Filter>
    </ClInclude>
    <ClInclude Include="..\source\Menus.h">
      <Filter>Header Files</Filter>
    </ClInclude>
  </ItemGroup>
  <ItemGroup>
    <ClCompile Include="..\Main.cpp">
      <Filter>Source Files</Filter>
    </ClCompile>
    <ClCompile Include="..\source\TestFramework.cpp">
      <Filter>Source Files</Filter>
    </ClCompile>
    <ClCompile Include="..\source\Internals\Modulus.cpp">
      <Filter>Source Files\Internals</Filter>
    </ClCompile>
    <ClCompile Include="..\source\Internals\ModulusSet.cpp">
      <Filter>Source Files\Internals</Filter>
    </ClCompile>
    <ClCompile Include="..\source\Internals\Transforms.cpp">
      <Filter>Source Files\Internals</Filter>
    </ClCompile>
    <ClCompile Include="..\source\CoreTransformParameters.cpp">
      <Filter>Source Files</Filter>
    </ClCompile>
    <ClCompile Include="..\source\BasicTransformParameters.cpp">
      <Filter>Source Files</Filter>
    </ClCompile>
    <ClCompile Include="..\source\Menus.cpp">
      <Filter>Source Files</Filter>
    </ClCompile>
  </ItemGroup>
  <ItemGroup>
    <None Include="..\source\Internals\BaseTransforms\Transform1.ipp">
      <Filter>Source Files\BaseTransforms</Filter>
    </None>
    <None Include="..\source\Internals\BaseTransforms\Transform3.ipp">
      <Filter>Source Files\BaseTransforms</Filter>
    </None>
    <None Include="..\source\Internals\BaseTransforms\Transform5.ipp">
      <Filter>Source Files\BaseTransforms</Filter>
    </None>
    <None Include="..\source\Internals\BaseTransforms\Transform7.ipp">
      <Filter>Source Files\BaseTransforms</Filter>
    </None>
  </ItemGroup>
</Project>